
Microsoft Visual Studio Solution File, Format Version 12.00
# Visual Studio Version 16
VisualStudioVersion = 16.0.31025.194
MinimumVisualStudioVersion = 10.0.40219.1
Project("{FAE04EC0-301F-11D3-BF4B-00C04F79EFBC}") = "Task2", "Task2\Task2.csproj", "{94888C4F-B483-4B5B-B825-D2F60CF320EC}"
EndProject
Global
	GlobalSection(SolutionConfigurationPlatforms) = preSolution
		Debug|Any CPU = Debug|Any CPU
		Release|Any CPU = Release|Any CPU
	EndGlobalSection
	GlobalSection(ProjectConfigurationPlatforms) = postSolution
		{94888C4F-B483-4B5B-B825-D2F60CF320EC}.Debug|Any CPU.ActiveCfg = Debug|Any CPU
		{94888C4F-B483-4B5B-B825-D2F60CF320EC}.Debug|Any CPU.Build.0 = Debug|Any CPU
		{94888C4F-B483-4B5B-B825-D2F60CF320EC}.Release|Any CPU.ActiveCfg = Release|Any CPU
		{94888C4F-B483-4B5B-B825-D2F60CF320EC}.Release|Any CPU.Build.0 = Release|Any CPU
	EndGlobalSection
	GlobalSection(SolutionProperties) = preSolution
		HideSolutionNode = FALSE
	EndGlobalSection
	GlobalSection(ExtensibilityGlobals) = postSolution
		SolutionGuid = {AA26CBC5-E83E-4A3D-A3C0-3F822C0D9A15}
	EndGlobalSection
EndGlobal
